
Microsoft Visual Studio Solution File, Format Version 12.00
# Visual Studio Version 16
VisualStudioVersion = 16.0.32002.261
MinimumVisualStudioVersion = 10.0.40219.1
Project("{FAE04EC0-301F-11D3-BF4B-00C04F79EFBC}") = "MVCCorePractice", "MVCCorePractice\MVCCorePractice.csproj", "{630B9A13-E5CF-447C-A7E0-08D2CF68DEA5}"
EndProject
Global
	GlobalSection(SolutionConfigurationPlatforms) = preSolution
		Debug|Any CPU = Debug|Any CPU
		Release|Any CPU = Release|Any CPU
	EndGlobalSection
	GlobalSection(ProjectConfigurationPlatforms) = postSolution
		{630B9A13-E5CF-447C-A7E0-08D2CF68DEA5}.Debug|Any CPU.ActiveCfg = Debug|Any CPU
		{630B9A13-E5CF-447C-A7E0-08D2CF68DEA5}.Debug|Any CPU.Build.0 = Debug|Any CPU
		{630B9A13-E5CF-447C-A7E0-08D2CF68DEA5}.Release|Any CPU.ActiveCfg = Release|Any CPU
		{630B9A13-E5CF-447C-A7E0-08D2CF68DEA5}.Release|Any CPU.Build.0 = Release|Any CPU
	EndGlobalSection
	GlobalSection(SolutionProperties) = preSolution
		HideSolutionNode = FALSE
	EndGlobalSection
	GlobalSection(ExtensibilityGlobals) = postSolution
		SolutionGuid = {ADCD26F7-BD92-42E5-A583-2974619AD9DE}
	EndGlobalSection
EndGlobal
