
Microsoft Visual Studio Solution File, Format Version 12.00
# Visual Studio Version 16
VisualStudioVersion = 16.0.32002.261
MinimumVisualStudioVersion = 10.0.40219.1
Project("{FAE04EC0-301F-11D3-BF4B-00C04F79EFBC}") = "MVCDay3Assignment2", "MVCDay3Assignment2\MVCDay3Assignment2.csproj", "{EBC4A051-17EC-4FE1-B0D9-EF52FDBBC1B2}"
EndProject
Global
	GlobalSection(SolutionConfigurationPlatforms) = preSolution
		Debug|Any CPU = Debug|Any CPU
		Release|Any CPU = Release|Any CPU
	EndGlobalSection
	GlobalSection(ProjectConfigurationPlatforms) = postSolution
		{EBC4A051-17EC-4FE1-B0D9-EF52FDBBC1B2}.Debug|Any CPU.ActiveCfg = Debug|Any CPU
		{EBC4A051-17EC-4FE1-B0D9-EF52FDBBC1B2}.Debug|Any CPU.Build.0 = Debug|Any CPU
		{EBC4A051-17EC-4FE1-B0D9-EF52FDBBC1B2}.Release|Any CPU.ActiveCfg = Release|Any CPU
		{EBC4A051-17EC-4FE1-B0D9-EF52FDBBC1B2}.Release|Any CPU.Build.0 = Release|Any CPU
	EndGlobalSection
	GlobalSection(SolutionProperties) = preSolution
		HideSolutionNode = FALSE
	EndGlobalSection
	GlobalSection(ExtensibilityGlobals) = postSolution
		SolutionGuid = {81462AA2-DABF-456A-BC78-66F8330FDD0A}
	EndGlobalSection
EndGlobal
